Microsoft Visual Studio Solution File, Format Version 11.00
# Visual Studio 2008

Project("{5E6F35CC-4E63-B4FF-8C61-7F2EAB631CD8}") = "MagicSoccer", "Assembly-CSharp.csproj", "{4C622FE4-44E6-6DF2-E4C3-3B81CD1A5E9A}"
EndProject
Global
	GlobalSection(SolutionConfigurationPlatforms) = preSolution
		Debug|Any CPU = Debug|Any CPU
		Release|Any CPU = Release|Any CPU
	EndGlobalSection
	GlobalSection(ProjectConfigurationPlatforms) = postSolution
		{4C622FE4-44E6-6DF2-E4C3-3B81CD1A5E9A}.Debug|Any CPU.ActiveCfg = Debug|Any CPU
		{4C622FE4-44E6-6DF2-E4C3-3B81CD1A5E9A}.Debug|Any CPU.Build.0 = Debug|Any CPU
		{4C622FE4-44E6-6DF2-E4C3-3B81CD1A5E9A}.Release|Any CPU.ActiveCfg = Release|Any CPU
		{4C622FE4-44E6-6DF2-E4C3-3B81CD1A5E9A}.Release|Any CPU.Build.0 = Release|Any CPU
	EndGlobalSection
	GlobalSection(SolutionProperties) = preSolution
		HideSolutionNode = FALSE
	EndGlobalSection
	GlobalSection(MonoDevelopProperties) = preSolution
		StartupItem = Assembly-CSharp.csproj
	EndGlobalSection
EndGlobal
